// !$*UTF8*$!
{
	archiveVersion = 1;
	classes = {
	};
	objectVersion = 50;
	objects = {

/* Begin PBXBuildFile section */
		560D870A24C4E1E4009AEB33 /* ImageSkewApp.swift in Sources */ = {isa = PBXBuildFile; fileRef = 560D870924C4E1E4009AEB33 /* ImageSkewApp.swift */; };
		560D870C24C4E1E4009AEB33 /* ContentView.swift in Sources */ = {isa = PBXBuildFile; fileRef = 560D870B24C4E1E4009AEB33 /* ContentView.swift */; };
		560D870E24C4E1E6009AEB33 /* Assets.xcassets in Resources */ = {isa = PBXBuildFile; fileRef = 560D870D24C4E1E6009AEB33 /* Assets.xcassets */; };
		560D871124C4E1E6009AEB33 /* Preview Assets.xcassets in Resources */ = {isa = PBXBuildFile; fileRef = 560D871024C4E1E6009AEB33 /* Preview Assets.xcassets */; };
		560D871924C4E21E009AEB33 /* MotionManager.swift in Sources */ = {isa = PBXBuildFile; fileRef = 560D871824C4E21E009AEB33 /* MotionManager.swift */; };
/* End PBXBuildFile section */

/* Begin PBXFileReference section */
		560D870624C4E1E4009AEB33 /* ImageSkew.app */ = {isa = PBXFileReference; explicitFileType = wrapper.application; includeInIndex = 0; path = ImageSkew.app; sourceTree = BUILT_PRODUCTS_DIR; };
		560D870924C4E1E4009AEB33 /* ImageSkewApp.swift */ = {isa = PBXFileReference; lastKnownFileType = sourcecode.swift; path = ImageSkewApp.swift; sourceTree = "<group>"; };
		560D870B24C4E1E4009AEB33 /* ContentView.swift */ = {isa = PBXFileReference; lastKnownFileType = sourcecode.swift; path = ContentView.swift; sourceTree = "<group>"; };
		560D870D24C4E1E6009AEB33 /* Assets.xcassets */ = {isa = PBXFileReference; lastKnownFileType = folder.assetcatalog; path = Assets.xcassets; sourceTree = "<group>"; };
		560D871024C4E1E6009AEB33 /* Preview Assets.xcassets */ = {isa = PBXFileReference; lastKnownFileType = folder.assetcatalog; path = "Preview Assets.xcassets"; sourceTree = "<group>"; };
		560D871224C4E1E6009AEB33 /* Info.plist */ = {isa = PBXFileReference; lastKnownFileType = text.plist.xml; path = Info.plist; sourceTree = "<group>"; };
		560D871824C4E21E009AEB33 /* MotionManager.swift */ = {isa = PBXFileReference; lastKnownFileType = sourcecode.swift; path = MotionManager.swift; sourceTree = "<group>"; };
/* End PBXFileReference section */

/* Begin PBXFrameworksBuildPhase section */
		560D870324C4E1E4009AEB33 /* Frameworks */ = {
			isa = PBXFrameworksBuildPhase;
			buildActionMask = 2147483647;
			files = (
			);
			runOnlyForDeploymentPostprocessing = 0;
		};
/* End PBXFrameworksBuildPhase section */

/* Begin PBXGroup section */
		560D86FD24C4E1E4009AEB33 = {
			isa = PBXGroup;
			children = (
				560D870824C4E1E4009AEB33 /* ImageSkew */,
				560D870724C4E1E4009AEB33 /* Products */,
			);
			sourceTree = "<group>";
		};
		560D870724C4E1E4009AEB33 /* Products */ = {
			isa = PBXGroup;
			children = (
				560D870624C4E1E4009AEB33 /* ImageSkew.app */,
			);
			name = Products;
			sourceTree = "<group>";
		};
		560D870824C4E1E4009AEB33 /* ImageSkew */ = {
			isa = PBXGroup;
			children = (
				560D870924C4E1E4009AEB33 /* ImageSkewApp.swift */,
				560D870B24C4E1E4009AEB33 /* ContentView.swift */,
				560D871824C4E21E009AEB33 /* MotionManager.swift */,
				560D870D24C4E1E6009AEB33 /* Assets.xcassets */,
				560D871224C4E1E6009AEB33 /* Info.plist */,
				560D870F24C4E1E6009AEB33 /* Preview Content */,
			);
			path = ImageSkew;
			sourceTree = "<group>";
		};
		560D870F24C4E1E6009AEB33 /* Preview Content */ = {
			isa = PBXGroup;
			children = (
				560D871024C4E1E6009AEB33 /* Preview Assets.xcassets */,
			);
			path = "Preview Content";
			sourceTree = "<group>";
		};
/* End PBXGroup section */

/* Begin PBXNativeTarget section */
		560D870524C4E1E4009AEB33 /* ImageSkew */ = {
			isa = PBXNativeTarget;
			buildConfigurationList = 560D871524C4E1E6009AEB33 /* Build configuration list for PBXNativeTarget "ImageSkew" */;
			buildPhases = (
				560D870224C4E1E4009AEB33 /* Sources */,
				560D870324C4E1E4009AEB33 /* Frameworks */,
				560D870424C4E1E4009AEB33 /* Resources */,
			);
			buildRules = (
			);
			dependencies = (
			);
			name = ImageSkew;
			productName = ImageSkew;
			productReference = 560D870624C4E1E4009AEB33 /* ImageSkew.app */;
			productType = "com.apple.product-type.application";
		};
/* End PBXNativeTarget section */

/* Begin PBXProject section */
		560D86FE24C4E1E4009AEB33 /* Project object */ = {
			isa = PBXProject;
			attributes = {
				LastSwiftUpdateCheck = 1200;
				LastUpgradeCheck = 1200;
				TargetAttributes = {
					560D870524C4E1E4009AEB33 = {
						CreatedOnToolsVersion = 12.0;
					};
				};
			};
			buildConfigurationList = 560D870124C4E1E4009AEB33 /* Build configuration list for PBXProject "ImageSkew" */;
			compatibilityVersion = "Xcode 9.3";
			developmentRegion = en;
			hasScannedForEncodings = 0;
			knownRegions = (
				en,
				Base,
			);
			mainGroup = 560D86FD24C4E1E4009AEB33;
			productRefGroup = 560D870724C4E1E4009AEB33 /* Products */;
			projectDirPath = "";
			projectRoot = "";
			targets = (
				560D870524C4E1E4009AEB33 /* ImageSkew */,
			);
		};
/* End PBXProject section */

/* Begin PBXResourcesBuildPhase section */
		560D870424C4E1E4009AEB33 /* Resources */ = {
			isa = PBXResourcesBuildPhase;
			buildActionMask = 2147483647;
			files = (
				560D871124C4E1E6009AEB33 /* Preview Assets.xcassets in Resources */,
				560D870E24C4E1E6009AEB33 /* Assets.xcassets in Resources */,
			);
			runOnlyForDeploymentPostprocessing = 0;
		};
/* End PBXResourcesBuildPhase section */

/* Begin PBXSourcesBuildPhase section */
		560D870224C4E1E4009AEB33 /* Sources */ = {
			isa = PBXSourcesBuildPhase;
			buildActionMask = 2147483647;
			files = (
				560D870C24C4E1E4009AEB33 /* ContentView.swift in Sources */,
				560D871924C4E21E009AEB33 /* MotionManager.swift in Sources */,
				560D870A24C4E1E4009AEB33 /* ImageSkewApp.swift in Sources */,
			);
			runOnlyForDeploymentPostprocessing = 0;
		};
/* End PBXSourcesBuildPhase section */

/* Begin XCBuildConfiguration section */
		560D871324C4E1E6009AEB33 /* Debug */ = {
			isa = XCBuildConfiguration;
			buildSettings = {
				ALWAYS_SEARCH_USER_PATHS = NO;
				CLANG_ANALYZER_NONNULL = YES;
				CLANG_ANALYZER_NUMBER_OBJECT_CONVERSION = YES_AGGRESSIVE;
				CLANG_CXX_LANGUAGE_STANDARD = "gnu++14";
				CLANG_CXX_LIBRARY = "libc++";
				CLANG_ENABLE_MODULES = YES;
				CLANG_ENABLE_OBJC_ARC = YES;
				CLANG_ENABLE_OBJC_WEAK = YES;
				CLANG_WARN_BLOCK_CAPTURE_AUTORELEASING = YES;
				CLANG_WARN_BOOL_CONVERSION = YES;
				CLANG_WARN_COMMA = YES;
				CLANG_WARN_CONSTANT_CONVERSION = YES;
				CLANG_WARN_DEPRECATED_OBJC_IMPLEMENTATIONS = YES;
				CLANG_WARN_DIRECT_OBJC_ISA_USAGE = YES_ERROR;
				CLANG_WARN_DOCUMENTATION_COMMENTS = YES;
				CLANG_WARN_EMPTY_BODY = YES;
				CLANG_WARN_ENUM_CONVERSION = YES;
				CLANG_WARN_INFINITE_RECURSION = YES;
				CLANG_WARN_INT_CONVERSION = YES;
				CLANG_WARN_NON_LITERAL_NULL_CONVERSION = YES;
				CLANG_WARN_OBJC_IMPLICIT_RETAIN_SELF = YES;
				CLANG_WARN_OBJC_LITERAL_CONVERSION = YES;
				CLANG_WARN_OBJC_ROOT_CLASS = YES_ERROR;
				CLANG_WARN_QUOTED_INCLUDE_IN_FRAMEWORK_HEADER = YES;
				CLANG_WARN_RANGE_LOOP_ANALYSIS = YES;
				CLANG_WARN_STRICT_PROTOTYPES = YES;
				CLANG_WARN_SUSPICIOUS_MOVE = YES;
				CLANG_WARN_UNGUARDED_AVAILABILITY = YES_AGGRESSIVE;
				CLANG_WARN_UNREACHABLE_CODE = YES;
				CLANG_WARN__DUPLICATE_METHOD_MATCH = YES;
				COPY_PHASE_STRIP = NO;
				DEBUG_INFORMATION_FORMAT = dwarf;
				ENABLE_STRICT_OBJC_MSGSEND = YES;
				ENABLE_TESTABILITY = YES;
				GCC_C_LANGUAGE_STANDARD = gnu11;
				GCC_DYNAMIC_NO_PIC = NO;
				GCC_NO_COMMON_BLOCKS = YES;
				GCC_OPTIMIZATION_LEVEL = 0;
				GCC_PREPROCESSOR_DEFINITIONS = (
					"DEBUG=1",
					"$(inherited)",
				);
				GCC_WARN_64_TO_32_BIT_CONVERSION = YES;
				GCC_WARN_ABOUT_RETURN_TYPE = YES_ERROR;
				GCC_WARN_UNDECLARED_SELECTOR = YES;
				GCC_WARN_UNINITIALIZED_AUTOS = YES_AGGRESSIVE;
				GCC_WARN_UNUSED_FUNCTION = YES;
				GCC_WARN_UNUSED_VARIABLE = YES;
				IPHONEOS_DEPLOYMENT_TARGET = 14.0;
				MTL_ENABLE_DEBUG_INFO = INCLUDE_SOURCE;
				MTL_FAST_MATH = YES;
				ONLY_ACTIVE_ARCH = YES;
				SDKROOT = iphoneos;
				SWIFT_ACTIVE_COMPILATION_CONDITIONS = DEBUG;
				SWIFT_OPTIMIZATION_LEVEL = "-Onone";
			};
			name = Debug;
		};
		560D871424C4E1E6009AEB33 /* Release */ = {
			isa = XCBuildConfiguration;
			buildSettings = {
				ALWAYS_SEARCH_USER_PATHS = NO;
				CLANG_ANALYZER_NONNULL = YES;
				CLANG_ANALYZER_NUMBER_OBJECT_CONVERSION = YES_AGGRESSIVE;
				CLANG_CXX_LANGUAGE_STANDARD = "gnu++14";
				CLANG_CXX_LIBRARY = "libc++";
				CLANG_ENABLE_MODULES = YES;
				CLANG_ENABLE_OBJC_ARC = YES;
				CLANG_ENABLE_OBJC_WEAK = YES;
				CLANG_WARN_BLOCK_CAPTURE_AUTORELEASING = YES;
				CLANG_WARN_BOOL_CONVERSION = YES;
				CLANG_WARN_COMMA = YES;
				CLANG_WARN_CONSTANT_CONVERSION = YES;
				CLANG_WARN_DEPRECATED_OBJC_IMPLEMENTATIONS = YES;
				CLANG_WARN_DIRECT_OBJC_ISA_USAGE = YES_ERROR;
				CLANG_WARN_DOCUMENTATION_COMMENTS = YES;
				CLANG_WARN_EMPTY_BODY = YES;
				CLANG_WARN_ENUM_CONVERSION = YES;
				CLANG_WARN_INFINITE_RECURSION = YES;
				CLANG_WARN_INT_CONVERSION = YES;
				CLANG_WARN_NON_LITERAL_NULL_CONVERSION = YES;
				CLANG_WARN_OBJC_IMPLICIT_RETAIN_SELF = YES;
				CLANG_WARN_OBJC_LITERAL_CONVERSION = YES;
				CLANG_WARN_OBJC_ROOT_CLASS = YES_ERROR;
				CLANG_WARN_QUOTED_INCLUDE_IN_FRAMEWORK_HEADER = YES;
				CLANG_WARN_RANGE_LOOP_ANALYSIS = YES;
				CLANG_WARN_STRICT_PROTOTYPES = YES;
				CLANG_WARN_SUSPICIOUS_MOVE = YES;
				CLANG_WARN_UNGUARDED_AVAILABILITY = YES_AGGRESSIVE;
				CLANG_WARN_UNREACHABLE_CODE = YES;
				CLANG_WARN__DUPLICATE_METHOD_MATCH = YES;
				COPY_PHASE_STRIP = NO;
				DEBUG_INFORMATION_FORMAT = "dwarf-with-dsym";
				ENABLE_NS_ASSERTIONS = NO;
				ENABLE_STRICT_OBJC_MSGSEND = YES;
				GCC_C_LANGUAGE_STANDARD = gnu11;
				GCC_NO_COMMON_BLOCKS = YES;
				GCC_WARN_64_TO_32_BIT_CONVERSION = YES;
				GCC_WARN_ABOUT_RETURN_TYPE = YES_ERROR;
				GCC_WARN_UNDECLARED_SELECTOR = YES;
				GCC_WARN_UNINITIALIZED_AUTOS = YES_AGGRESSIVE;
				GCC_WARN_UNUSED_FUNCTION = YES;
				GCC_WARN_UNUSED_VARIABLE = YES;
				IPHONEOS_DEPLOYMENT_TARGET = 14.0;
				MTL_ENABLE_DEBUG_INFO = NO;
				MTL_FAST_MATH = YES;
				SDKROOT = iphoneos;
				SWIFT_COMPILATION_MODE = wholemodule;
				SWIFT_OPTIMIZATION_LEVEL = "-O";
				VALIDATE_PRODUCT = YES;
			};
			name = Release;
		};
		560D871624C4E1E6009AEB33 /* Debug */ = {
			isa = XCBuildConfiguration;
			buildSettings = {
				ASSETCATALOG_COMPILER_APPICON_NAME = AppIcon;
				ASSETCATALOG_COMPILER_GLOBAL_ACCENT_COLOR_NAME = AccentColor;
				CODE_SIGN_STYLE = Automatic;
				DEVELOPMENT_ASSET_PATHS = "\"ImageSkew/Preview Content\"";
				DEVELOPMENT_TEAM = 4ZJWAQAQHL;
				ENABLE_PREVIEWS = YES;
				INFOPLIST_FILE = ImageSkew/Info.plist;
				IPHONEOS_DEPLOYMENT_TARGET = 14.0;
				LD_RUNPATH_SEARCH_PATHS = (
					"$(inherited)",
					"@executable_path/Frameworks",
				);
				PRODUCT_BUNDLE_IDENTIFIER = com.bedelstein.ImageSkew;
				PRODUCT_NAME = "$(TARGET_NAME)";
				SWIFT_VERSION = 5.0;
				TARGETED_DEVICE_FAMILY = "1,2";
			};
			name = Debug;
		};
		560D871724C4E1E6009AEB33 /* Release */ = {
			isa = XCBuildConfiguration;
			buildSettings = {
				ASSETCATALOG_COMPILER_APPICON_NAME = AppIcon;
				ASSETCATALOG_COMPILER_GLOBAL_ACCENT_COLOR_NAME = AccentColor;
				CODE_SIGN_STYLE = Automatic;
				DEVELOPMENT_ASSET_PATHS = "\"ImageSkew/Preview Content\"";
				DEVELOPMENT_TEAM = 4ZJWAQAQHL;
				ENABLE_PREVIEWS = YES;
				INFOPLIST_FILE = ImageSkew/Info.plist;
				IPHONEOS_DEPLOYMENT_TARGET = 14.0;
				LD_RUNPATH_SEARCH_PATHS = (
					"$(inherited)",
					"@executable_path/Frameworks",
				);
				PRODUCT_BUNDLE_IDENTIFIER = com.bedelstein.ImageSkew;
				PRODUCT_NAME = "$(TARGET_NAME)";
				SWIFT_VERSION = 5.0;
				TARGETED_DEVICE_FAMILY = "1,2";
			};
			name = Release;
		};
/* End XCBuildConfiguration section */

/* Begin XCConfigurationList section */
		560D870124C4E1E4009AEB33 /* Build configuration list for PBXProject "ImageSkew" */ = {
			isa = XCConfigurationList;
			buildConfigurations = (
				560D871324C4E1E6009AEB33 /* Debug */,
				560D871424C4E1E6009AEB33 /* Release */,
			);
			defaultConfigurationIsVisible = 0;
			defaultConfigurationName = Release;
		};
		560D871524C4E1E6009AEB33 /* Build configuration list for PBXNativeTarget "ImageSkew" */ = {
			isa = XCConfigurationList;
			buildConfigurations = (
				560D871624C4E1E6009AEB33 /* Debug */,
				560D871724C4E1E6009AEB33 /* Release */,
			);
			defaultConfigurationIsVisible = 0;
			defaultConfigurationName = Release;
		};
/* End XCConfigurationList section */
	};
	rootObject = 560D86FE24C4E1E4009AEB33 /* Project object */;
}
